github.com/spenserblack/go-bitio v1.1.0 h1:nVQ8DS8L1m94RxzBR5waWzpjhigM7QW4wtYmQg7JRF0=
github.com/spenserblack/go-bitio v1.1.0/go.mod h1:kfwkTPB8ar/aBrUBXcyQPb4LoFhEC6nd/xGTTia4GCE=
github.com/spenserblack/go-byteutils v1.1.1 h1:oitIPt7vVVEQw0bIVdLq9xsjCVlYTrpLJDEeTZGcquQ=
github.com/spenserblack/go-byteutils v1.1.1/go.mod h1:GM82nluJ7jtVN10Z2KBAaE88YMCHPMHbhV2PMcEDbuQ=
